// !$*UTF8*$!
{
	archiveVersion = 1;
	classes = {
	};
	objectVersion = 77;
	objects = {

/* Begin PBXBuildFile section */
		884E38852F5C8A4700404F42 /* FitTrackerWatch.app in Embed Watch Content */ = {isa = PBXBuildFile; fileRef = 884E38652F5C8A4500404F42 /* FitTrackerWatch.app */; settings = {ATTRIBUTES = (RemoveHeadersOnCopy, ); }; };
		884E38C42F5C8E9E00404F42 /* WidgetKit.framework in Frameworks */ = {isa = PBXBuildFile; fileRef = 884E38C32F5C8E9E00404F42 /* WidgetKit.framework */; };
		884E38C62F5C8E9E00404F42 /* SwiftUI.framework in Frameworks */ = {isa = PBXBuildFile; fileRef = 884E38C52F5C8E9E00404F42 /* SwiftUI.framework */; };
		884E38D52F5C8E9F00404F42 /* FitTrackerWatchWidget.appex in Embed Foundation Extensions */ = {isa = PBXBuildFile; fileRef = 884E38C12F5C8E9E00404F42 /* FitTrackerWatchWidget.appex */; settings = {ATTRIBUTES = (RemoveHeadersOnCopy, ); }; };
		884E38EF2F5C8F5A00404F42 /* WidgetKit.framework in Frameworks */ = {isa = PBXBuildFile; fileRef = 884E38ED2F5C8F5700404F42 /* WidgetKit.framework */; };
		884E3AB32F5D684A00404F42 /* AppIcon.icon in Resources */ = {isa = PBXBuildFile; fileRef = 884E3AB22F5D684A00404F42 /* AppIcon.icon */; };
		884E3AB42F5D684A00404F42 /* AppIcon.icon in Resources */ = {isa = PBXBuildFile; fileRef = 884E3AB22F5D684A00404F42 /* AppIcon.icon */; };
/* End PBXBuildFile section */

/* Begin PBXContainerItemProxy section */
		884E38832F5C8A4700404F42 /* PBXContainerItemProxy */ = {
			isa = PBXContainerItemProxy;
			containerPortal = 88EBB53B2F5C863100A25A70 /* Project object */;
			proxyType = 1;
			remoteGlobalIDString = 884E38642F5C8A4500404F42;
			remoteInfo = "FitTrackerWatchOS Watch App";
		};
		884E38D32F5C8E9F00404F42 /* PBXContainerItemProxy */ = {
			isa = PBXContainerItemProxy;
			containerPortal = 88EBB53B2F5C863100A25A70 /* Project object */;
			proxyType = 1;
			remoteGlobalIDString = 884E38C02F5C8E9E00404F42;
			remoteInfo = FitTrackerWatchWidgetExtensionExtension;
		};
/* End PBXContainerItemProxy section */

/* Begin PBXCopyFilesBuildPhase section */
		884E38892F5C8A4700404F42 /* Embed Watch Content */ = {
			isa = PBXCopyFilesBuildPhase;
			buildActionMask = 2147483647;
			dstPath = "$(CONTENTS_FOLDER_PATH)/Watch";
			dstSubfolderSpec = 16;
			files = (
				884E38852F5C8A4700404F42 /* FitTrackerWatch.app in Embed Watch Content */,
			);
			name = "Embed Watch Content";
			runOnlyForDeploymentPostprocessing = 0;
		};
		884E38DA2F5C8E9F00404F42 /* Embed Foundation Extensions */ = {
			isa = PBXCopyFilesBuildPhase;
			buildActionMask = 2147483647;
			dstPath = "";
			dstSubfolderSpec = 13;
			files = (
				884E38D52F5C8E9F00404F42 /* FitTrackerWatchWidget.appex in Embed Foundation Extensions */,
			);
			name = "Embed Foundation Extensions";
			runOnlyForDeploymentPostprocessing = 0;
		};
		884E38F12F5C8F5B00404F42 /* Embed Frameworks */ = {
			isa = PBXCopyFilesBuildPhase;
			buildActionMask = 2147483647;
			dstPath = "";
			dstSubfolderSpec = 10;
			files = (
			);
			name = "Embed Frameworks";
			runOnlyForDeploymentPostprocessing = 0;
		};
/* End PBXCopyFilesBuildPhase section */

/* Begin PBXFileReference section */
		884E38652F5C8A4500404F42 /* FitTrackerWatch.app */ = {isa = PBXFileReference; explicitFileType = wrapper.application; includeInIndex = 0; path = FitTrackerWatch.app; sourceTree = BUILT_PRODUCTS_DIR; };
		884E38C12F5C8E9E00404F42 /* FitTrackerWatchWidget.appex */ = {isa = PBXFileReference; explicitFileType = "wrapper.app-extension"; includeInIndex = 0; path = FitTrackerWatchWidget.appex; sourceTree = BUILT_PRODUCTS_DIR; };
		884E38C32F5C8E9E00404F42 /* WidgetKit.framework */ = {isa = PBXFileReference; lastKnownFileType = wrapper.framework; name = WidgetKit.framework; path = System/Library/Frameworks/WidgetKit.framework; sourceTree = SDKROOT; };
		884E38C52F5C8E9E00404F42 /* SwiftUI.framework */ = {isa = PBXFileReference; lastKnownFileType = wrapper.framework; name = SwiftUI.framework; path = System/Library/Frameworks/SwiftUI.framework; sourceTree = SDKROOT; };
		884E38E22F5C8EC000404F42 /* FitTrackerWatchWidgetExtensionExtension.entitlements */ = {isa = PBXFileReference; lastKnownFileType = text.plist.entitlements; path = FitTrackerWatchWidgetExtensionExtension.entitlements; sourceTree = "<group>"; };
		884E38ED2F5C8F5700404F42 /* WidgetKit.framework */ = {isa = PBXFileReference; lastKnownFileType = wrapper.framework; name = WidgetKit.framework; path = Platforms/iPhoneOS.platform/Developer/SDKs/iPhoneOS26.2.sdk/System/Library/Frameworks/WidgetKit.framework; sourceTree = DEVELOPER_DIR; };
		884E3AB22F5D684A00404F42 /* AppIcon.icon */ = {isa = PBXFileReference; lastKnownFileType = folder.iconcomposer.icon; path = AppIcon.icon; sourceTree = "<group>"; };
		88EBB5432F5C863100A25A70 /* FitTracker.app */ = {isa = PBXFileReference; explicitFileType = wrapper.application; includeInIndex = 0; path = FitTracker.app; sourceTree = BUILT_PRODUCTS_DIR; };
/* End PBXFileReference section */

/* Begin PBXFileSystemSynchronizedBuildFileExceptionSet section */
		884E38D62F5C8E9F00404F42 /* Exceptions for "FitTrackerWatchWidget" folder in "FitTrackerWatchWidget" target */ = {
			isa = PBXFileSystemSynchronizedBuildFileExceptionSet;
			membershipExceptions = (
				Info.plist,
			);
			target = 884E38C02F5C8E9E00404F42 /* FitTrackerWatchWidget */;
		};
		884E38EB2F5C8F0000404F42 /* Exceptions for "FitTracker" folder in "FitTrackerWatch" target */ = {
			isa = PBXFileSystemSynchronizedBuildFileExceptionSet;
			membershipExceptions = (
				Models/ChallengeStore.swift,
				"Shared/Extensions/Date+Challenge.swift",
				"Shared/Extensions/Double+Format.swift",
				Shared/Models/ChallengeSettings.swift,
				Shared/Models/DailyEntry.swift,
				Shared/Models/HealthKitManager.swift,
				Shared/Models/NotificationManager.swift,
				Shared/Models/ProgressCalculator.swift,
				Shared/Views/ActivityRow.swift,
				Shared/Views/ArcProgressBar.swift,
				Shared/Views/HourlyChartView.swift,
				Shared/Views/SingleArcGauge.swift,
			);
			target = 884E38642F5C8A4500404F42 /* FitTrackerWatch */;
		};
		884E38EC2F5C8F0000404F42 /* Exceptions for "FitTracker" folder in "FitTrackerWatchWidget" target */ = {
			isa = PBXFileSystemSynchronizedBuildFileExceptionSet;
			membershipExceptions = (
				Models/ChallengeStore.swift,
				"Shared/Extensions/Date+Challenge.swift",
				Shared/Models/ChallengeSettings.swift,
				Shared/Models/DailyEntry.swift,
				Shared/Models/HealthKitManager.swift,
				Shared/Models/NotificationManager.swift,
				Shared/Models/ProgressCalculator.swift,
			);
			target = 884E38C02F5C8E9E00404F42 /* FitTrackerWatchWidget */;
		};
/* End PBXFileSystemSynchronizedBuildFileExceptionSet section */

/* Begin PBXFileSystemSynchronizedRootGroup section */
		884E38662F5C8A4500404F42 /* FitTrackerWatch */ = {
			isa = PBXFileSystemSynchronizedRootGroup;
			path = FitTrackerWatch;
			sourceTree = "<group>";
		};
		884E38C72F5C8E9E00404F42 /* FitTrackerWatchWidget */ = {
			isa = PBXFileSystemSynchronizedRootGroup;
			exceptions = (
				884E38D62F5C8E9F00404F42 /* Exceptions for "FitTrackerWatchWidget" folder in "FitTrackerWatchWidget" target */,
			);
			path = FitTrackerWatchWidget;
			sourceTree = "<group>";
		};
		88EBB5452F5C863100A25A70 /* FitTracker */ = {
			isa = PBXFileSystemSynchronizedRootGroup;
			exceptions = (
				884E38EB2F5C8F0000404F42 /* Exceptions for "FitTracker" folder in "FitTrackerWatch" target */,
				884E38EC2F5C8F0000404F42 /* Exceptions for "FitTracker" folder in "FitTrackerWatchWidget" target */,
			);
			path = FitTracker;
			sourceTree = "<group>";
		};
/* End PBXFileSystemSynchronizedRootGroup section */

/* Begin PBXFrameworksBuildPhase section */
		884E38622F5C8A4500404F42 /* Frameworks */ = {
			isa = PBXFrameworksBuildPhase;
			buildActionMask = 2147483647;
			files = (
			);
			runOnlyForDeploymentPostprocessing = 0;
		};
		884E38BE2F5C8E9E00404F42 /* Frameworks */ = {
			isa = PBXFrameworksBuildPhase;
			buildActionMask = 2147483647;
			files = (
				884E38C62F5C8E9E00404F42 /* SwiftUI.framework in Frameworks */,
				884E38C42F5C8E9E00404F42 /* WidgetKit.framework in Frameworks */,
			);
			runOnlyForDeploymentPostprocessing = 0;
		};
		88EBB5402F5C863100A25A70 /* Frameworks */ = {
			isa = PBXFrameworksBuildPhase;
			buildActionMask = 2147483647;
			files = (
				884E38EF2F5C8F5A00404F42 /* WidgetKit.framework in Frameworks */,
			);
			runOnlyForDeploymentPostprocessing = 0;
		};
/* End PBXFrameworksBuildPhase section */

/* Begin PBXGroup section */
		884E38C22F5C8E9E00404F42 /* Frameworks */ = {
			isa = PBXGroup;
			children = (
				884E38C32F5C8E9E00404F42 /* WidgetKit.framework */,
				884E38ED2F5C8F5700404F42 /* WidgetKit.framework */,
				884E38C52F5C8E9E00404F42 /* SwiftUI.framework */,
			);
			name = Frameworks;
			sourceTree = "<group>";
		};
		88EBB53A2F5C863100A25A70 = {
			isa = PBXGroup;
			children = (
				884E3AB22F5D684A00404F42 /* AppIcon.icon */,
				884E38E22F5C8EC000404F42 /* FitTrackerWatchWidgetExtensionExtension.entitlements */,
				88EBB5452F5C863100A25A70 /* FitTracker */,
				884E38662F5C8A4500404F42 /* FitTrackerWatch */,
				884E38C72F5C8E9E00404F42 /* FitTrackerWatchWidget */,
				884E38C22F5C8E9E00404F42 /* Frameworks */,
				88EBB5442F5C863100A25A70 /* Products */,
			);
			sourceTree = "<group>";
		};
		88EBB5442F5C863100A25A70 /* Products */ = {
			isa = PBXGroup;
			children = (
				88EBB5432F5C863100A25A70 /* FitTracker.app */,
				884E38652F5C8A4500404F42 /* FitTrackerWatch.app */,
				884E38C12F5C8E9E00404F42 /* FitTrackerWatchWidget.appex */,
			);
			name = Products;
			sourceTree = "<group>";
		};
/* End PBXGroup section */

/* Begin PBXNativeTarget section */
		884E38642F5C8A4500404F42 /* FitTrackerWatch */ = {
			isa = PBXNativeTarget;
			buildConfigurationList = 884E38862F5C8A4700404F42 /* Build configuration list for PBXNativeTarget "FitTrackerWatch" */;
			buildPhases = (
				884E38612F5C8A4500404F42 /* Sources */,
				884E38622F5C8A4500404F42 /* Frameworks */,
				884E38632F5C8A4500404F42 /* Resources */,
				884E38DA2F5C8E9F00404F42 /* Embed Foundation Extensions */,
			);
			buildRules = (
			);
			dependencies = (
				884E38D42F5C8E9F00404F42 /* PBXTargetDependency */,
			);
			fileSystemSynchronizedGroups = (
				884E38662F5C8A4500404F42 /* FitTrackerWatch */,
			);
			name = FitTrackerWatch;
			packageProductDependencies = (
			);
			productName = "FitTrackerWatchOS Watch App";
			productReference = 884E38652F5C8A4500404F42 /* FitTrackerWatch.app */;
			productType = "com.apple.product-type.application";
		};
		884E38C02F5C8E9E00404F42 /* FitTrackerWatchWidget */ = {
			isa = PBXNativeTarget;
			buildConfigurationList = 884E38D72F5C8E9F00404F42 /* Build configuration list for PBXNativeTarget "FitTrackerWatchWidget" */;
			buildPhases = (
				884E38BD2F5C8E9E00404F42 /* Sources */,
				884E38BE2F5C8E9E00404F42 /* Frameworks */,
				884E38BF2F5C8E9E00404F42 /* Resources */,
			);
			buildRules = (
			);
			dependencies = (
			);
			fileSystemSynchronizedGroups = (
				884E38C72F5C8E9E00404F42 /* FitTrackerWatchWidget */,
			);
			name = FitTrackerWatchWidget;
			packageProductDependencies = (
			);
			productName = FitTrackerWatchWidgetExtensionExtension;
			productReference = 884E38C12F5C8E9E00404F42 /* FitTrackerWatchWidget.appex */;
			productType = "com.apple.product-type.app-extension";
		};
		88EBB5422F5C863100A25A70 /* FitTracker */ = {
			isa = PBXNativeTarget;
			buildConfigurationList = 88EBB5662F5C863400A25A70 /* Build configuration list for PBXNativeTarget "FitTracker" */;
			buildPhases = (
				88EBB53F2F5C863100A25A70 /* Sources */,
				88EBB5402F5C863100A25A70 /* Frameworks */,
				88EBB5412F5C863100A25A70 /* Resources */,
				88EBB56F2F5C863400A25A70 /* ShellScript */,
				884E38892F5C8A4700404F42 /* Embed Watch Content */,
				884E38F12F5C8F5B00404F42 /* Embed Frameworks */,
			);
			buildRules = (
			);
			dependencies = (
				884E38842F5C8A4700404F42 /* PBXTargetDependency */,
			);
			fileSystemSynchronizedGroups = (
				88EBB5452F5C863100A25A70 /* FitTracker */,
			);
			name = FitTracker;
			packageProductDependencies = (
			);
			productName = FitTracker;
			productReference = 88EBB5432F5C863100A25A70 /* FitTracker.app */;
			productType = "com.apple.product-type.application";
		};
/* End PBXNativeTarget section */

/* Begin PBXProject section */
		88EBB53B2F5C863100A25A70 /* Project object */ = {
			isa = PBXProject;
			attributes = {
				BuildIndependentTargetsInParallel = 1;
				LastSwiftUpdateCheck = 2630;
				LastUpgradeCheck = 2630;
				TargetAttributes = {
					884E38642F5C8A4500404F42 = {
						CreatedOnToolsVersion = 26.3;
					};
					884E38C02F5C8E9E00404F42 = {
						CreatedOnToolsVersion = 26.3;
					};
					88EBB5422F5C863100A25A70 = {
						CreatedOnToolsVersion = 26.3;
					};
				};
			};
			buildConfigurationList = 88EBB53E2F5C863100A25A70 /* Build configuration list for PBXProject "FitTracker" */;
			developmentRegion = en;
			hasScannedForEncodings = 0;
			knownRegions = (
				en,
				Base,
			);
			mainGroup = 88EBB53A2F5C863100A25A70;
			minimizedProjectReferenceProxies = 1;
			preferredProjectObjectVersion = 77;
			productRefGroup = 88EBB5442F5C863100A25A70 /* Products */;
			projectDirPath = "";
			projectRoot = "";
			targets = (
				88EBB5422F5C863100A25A70 /* FitTracker */,
				884E38642F5C8A4500404F42 /* FitTrackerWatch */,
				884E38C02F5C8E9E00404F42 /* FitTrackerWatchWidget */,
			);
		};
/* End PBXProject section */

/* Begin PBXResourcesBuildPhase section */
		884E38632F5C8A4500404F42 /* Resources */ = {
			isa = PBXResourcesBuildPhase;
			buildActionMask = 2147483647;
			files = (
				884E3AB32F5D684A00404F42 /* AppIcon.icon in Resources */,
			);
			runOnlyForDeploymentPostprocessing = 0;
		};
		884E38BF2F5C8E9E00404F42 /* Resources */ = {
			isa = PBXResourcesBuildPhase;
			buildActionMask = 2147483647;
			files = (
			);
			runOnlyForDeploymentPostprocessing = 0;
		};
		88EBB5412F5C863100A25A70 /* Resources */ = {
			isa = PBXResourcesBuildPhase;
			buildActionMask = 2147483647;
			files = (
				884E3AB42F5D684A00404F42 /* AppIcon.icon in Resources */,
			);
			runOnlyForDeploymentPostprocessing = 0;
		};
/* End PBXResourcesBuildPhase section */

/* Begin PBXShellScriptBuildPhase section */
		88EBB56F2F5C863400A25A70 /* ShellScript */ = {
			isa = PBXShellScriptBuildPhase;
			alwaysOutOfDate = 1;
			buildActionMask = 2147483647;
			files = (
			);
			inputFileListPaths = (
			);
			inputPaths = (
			);
			outputFileListPaths = (
			);
			outputPaths = (
			);
			runOnlyForDeploymentPostprocessing = 0;
			shellPath = /bin/zsh;
			shellScript = "if test -d \"/opt/homebrew/bin/\"; then\n  PATH=\"/opt/homebrew/bin:${PATH}\"\nfi\n\nexport PATH\n\nif which swiftlint >/dev/null; then\n  if [ \"${ENABLE_PREVIEWS}\" = \"NO\" ]; then \n    swiftlint --fix --format && swiftlint --strict\n  fi\nelse\n  echo \"warning: SwiftLint not installed, download from https://github.com/realm/SwiftLint\"\nfi\n";
		};
/* End PBXShellScriptBuildPhase section */

/* Begin PBXSourcesBuildPhase section */
		884E38612F5C8A4500404F42 /* Sources */ = {
			isa = PBXSourcesBuildPhase;
			buildActionMask = 2147483647;
			files = (
			);
			runOnlyForDeploymentPostprocessing = 0;
		};
		884E38BD2F5C8E9E00404F42 /* Sources */ = {
			isa = PBXSourcesBuildPhase;
			buildActionMask = 2147483647;
			files = (
			);
			runOnlyForDeploymentPostprocessing = 0;
		};
		88EBB53F2F5C863100A25A70 /* Sources */ = {
			isa = PBXSourcesBuildPhase;
			buildActionMask = 2147483647;
			files = (
			);
			runOnlyForDeploymentPostprocessing = 0;
		};
/* End PBXSourcesBuildPhase section */

/* Begin PBXTargetDependency section */
		884E38842F5C8A4700404F42 /* PBXTargetDependency */ = {
			isa = PBXTargetDependency;
			target = 884E38642F5C8A4500404F42 /* FitTrackerWatch */;
			targetProxy = 884E38832F5C8A4700404F42 /* PBXContainerItemProxy */;
		};
		884E38D42F5C8E9F00404F42 /* PBXTargetDependency */ = {
			isa = PBXTargetDependency;
			target = 884E38C02F5C8E9E00404F42 /* FitTrackerWatchWidget */;
			targetProxy = 884E38D32F5C8E9F00404F42 /* PBXContainerItemProxy */;
		};
/* End PBXTargetDependency section */

/* Begin XCBuildConfiguration section */
		884E38872F5C8A4700404F42 /* Debug */ = {
			isa = XCBuildConfiguration;
			buildSettings = {
				ASSETCATALOG_COMPILER_APPICON_NAME = AppIcon;
				ASSETCATALOG_COMPILER_GLOBAL_ACCENT_COLOR_NAME = AccentColor;
				CODE_SIGN_ENTITLEMENTS = FitTrackerWatch/FitTrackerWatch.entitlements;
				CODE_SIGN_STYLE = Automatic;
				CURRENT_PROJECT_VERSION = 1;
				DEVELOPMENT_TEAM = HU6B6E9383;
				ENABLE_PREVIEWS = YES;
				GENERATE_INFOPLIST_FILE = YES;
				INFOPLIST_KEY_CFBundleDisplayName = Fit;
				INFOPLIST_KEY_NSHealthShareUsageDescription = "Reads your steps and cycling distance to track your TK Fit Challenge weekly goal.";
				INFOPLIST_KEY_UISupportedInterfaceOrientations = "UIInterfaceOrientationPortrait UIInterfaceOrientationPortraitUpsideDown";
				INFOPLIST_KEY_WKCompanionAppBundleIdentifier = com.pentlandFirth.FitTracker;
				LD_RUNPATH_SEARCH_PATHS = (
					"$(inherited)",
					"@executable_path/Frameworks",
				);
				MARKETING_VERSION = 1.0;
				PRODUCT_BUNDLE_IDENTIFIER = com.pentlandFirth.FitTracker.watchkitapp;
				PRODUCT_NAME = "$(TARGET_NAME)";
				SDKROOT = watchos;
				SKIP_INSTALL = YES;
				STRING_CATALOG_GENERATE_SYMBOLS = YES;
				SWIFT_APPROACHABLE_CONCURRENCY = YES;
				SWIFT_DEFAULT_ACTOR_ISOLATION = MainActor;
				SWIFT_EMIT_LOC_STRINGS = YES;
				SWIFT_UPCOMING_FEATURE_MEMBER_IMPORT_VISIBILITY = YES;
				SWIFT_VERSION = 5.0;
				TARGETED_DEVICE_FAMILY = 4;
				WATCHOS_DEPLOYMENT_TARGET = 26.2;
			};
			name = Debug;
		};
		884E38882F5C8A4700404F42 /* Release */ = {
			isa = XCBuildConfiguration;
			buildSettings = {
				ASSETCATALOG_COMPILER_APPICON_NAME = AppIcon;
				ASSETCATALOG_COMPILER_GLOBAL_ACCENT_COLOR_NAME = AccentColor;
				CODE_SIGN_ENTITLEMENTS = FitTrackerWatch/FitTrackerWatch.entitlements;
				CODE_SIGN_STYLE = Automatic;
				CURRENT_PROJECT_VERSION = 1;
				DEVELOPMENT_TEAM = HU6B6E9383;
				ENABLE_PREVIEWS = YES;
				GENERATE_INFOPLIST_FILE = YES;
				INFOPLIST_KEY_CFBundleDisplayName = Fit;
				INFOPLIST_KEY_NSHealthShareUsageDescription = "Reads your steps and cycling distance to track your TK Fit Challenge weekly goal.";
				INFOPLIST_KEY_UISupportedInterfaceOrientations = "UIInterfaceOrientationPortrait UIInterfaceOrientationPortraitUpsideDown";
				INFOPLIST_KEY_WKCompanionAppBundleIdentifier = com.pentlandFirth.FitTracker;
				LD_RUNPATH_SEARCH_PATHS = (
					"$(inherited)",
					"@executable_path/Frameworks",
				);
				MARKETING_VERSION = 1.0;
				PRODUCT_BUNDLE_IDENTIFIER = com.pentlandFirth.FitTracker.watchkitapp;
				PRODUCT_NAME = "$(TARGET_NAME)";
				SDKROOT = watchos;
				SKIP_INSTALL = YES;
				STRING_CATALOG_GENERATE_SYMBOLS = YES;
				SWIFT_APPROACHABLE_CONCURRENCY = YES;
				SWIFT_DEFAULT_ACTOR_ISOLATION = MainActor;
				SWIFT_EMIT_LOC_STRINGS = YES;
				SWIFT_UPCOMING_FEATURE_MEMBER_IMPORT_VISIBILITY = YES;
				SWIFT_VERSION = 5.0;
				TARGETED_DEVICE_FAMILY = 4;
				VALIDATE_PRODUCT = YES;
				WATCHOS_DEPLOYMENT_TARGET = 26.2;
			};
			name = Release;
		};
		884E38D82F5C8E9F00404F42 /* Debug */ = {
			isa = XCBuildConfiguration;
			buildSettings = {
				ASSETCATALOG_COMPILER_GLOBAL_ACCENT_COLOR_NAME = AccentColor;
				ASSETCATALOG_COMPILER_WIDGET_BACKGROUND_COLOR_NAME = WidgetBackground;
				CODE_SIGN_ENTITLEMENTS = FitTrackerWatchWidgetExtensionExtension.entitlements;
				CODE_SIGN_STYLE = Automatic;
				CURRENT_PROJECT_VERSION = 1;
				DEVELOPMENT_TEAM = HU6B6E9383;
				GENERATE_INFOPLIST_FILE = YES;
				INFOPLIST_FILE = FitTrackerWatchWidget/Info.plist;
				INFOPLIST_KEY_CFBundleDisplayName = FitTrackerWatchWidgetExtension;
				INFOPLIST_KEY_NSHumanReadableCopyright = "";
				LD_RUNPATH_SEARCH_PATHS = (
					"$(inherited)",
					"@executable_path/Frameworks",
					"@executable_path/../../Frameworks",
					"@executable_path/../../../../Frameworks",
				);
				MARKETING_VERSION = 1.0;
				PRODUCT_BUNDLE_IDENTIFIER = com.pentlandFirth.FitTracker.watchkitapp.FitTrackerWatchWidgetExtension;
				PRODUCT_NAME = "$(TARGET_NAME)";
				SDKROOT = watchos;
				SKIP_INSTALL = YES;
				STRING_CATALOG_GENERATE_SYMBOLS = YES;
				SWIFT_APPROACHABLE_CONCURRENCY = YES;
				SWIFT_EMIT_LOC_STRINGS = YES;
				SWIFT_UPCOMING_FEATURE_MEMBER_IMPORT_VISIBILITY = YES;
				SWIFT_VERSION = 5.0;
				TARGETED_DEVICE_FAMILY = 4;
				WATCHOS_DEPLOYMENT_TARGET = 26.2;
			};
			name = Debug;
		};
		884E38D92F5C8E9F00404F42 /* Release */ = {
			isa = XCBuildConfiguration;
			buildSettings = {
				ASSETCATALOG_COMPILER_GLOBAL_ACCENT_COLOR_NAME = AccentColor;
				ASSETCATALOG_COMPILER_WIDGET_BACKGROUND_COLOR_NAME = WidgetBackground;
				CODE_SIGN_ENTITLEMENTS = FitTrackerWatchWidgetExtensionExtension.entitlements;
				CODE_SIGN_STYLE = Automatic;
				CURRENT_PROJECT_VERSION = 1;
				DEVELOPMENT_TEAM = HU6B6E9383;
				GENERATE_INFOPLIST_FILE = YES;
				INFOPLIST_FILE = FitTrackerWatchWidget/Info.plist;
				INFOPLIST_KEY_CFBundleDisplayName = FitTrackerWatchWidgetExtension;
				INFOPLIST_KEY_NSHumanReadableCopyright = "";
				LD_RUNPATH_SEARCH_PATHS = (
					"$(inherited)",
					"@executable_path/Frameworks",
					"@executable_path/../../Frameworks",
					"@executable_path/../../../../Frameworks",
				);
				MARKETING_VERSION = 1.0;
				PRODUCT_BUNDLE_IDENTIFIER = com.pentlandFirth.FitTracker.watchkitapp.FitTrackerWatchWidgetExtension;
				PRODUCT_NAME = "$(TARGET_NAME)";
				SDKROOT = watchos;
				SKIP_INSTALL = YES;
				STRING_CATALOG_GENERATE_SYMBOLS = YES;
				SWIFT_APPROACHABLE_CONCURRENCY = YES;
				SWIFT_EMIT_LOC_STRINGS = YES;
				SWIFT_UPCOMING_FEATURE_MEMBER_IMPORT_VISIBILITY = YES;
				SWIFT_VERSION = 5.0;
				TARGETED_DEVICE_FAMILY = 4;
				VALIDATE_PRODUCT = YES;
				WATCHOS_DEPLOYMENT_TARGET = 26.2;
			};
			name = Release;
		};
		88EBB5642F5C863400A25A70 /* Debug */ = {
			isa = XCBuildConfiguration;
			buildSettings = {
				ALWAYS_SEARCH_USER_PATHS = NO;
				ASSETCATALOG_COMPILER_GENERATE_SWIFT_ASSET_SYMBOL_EXTENSIONS = YES;
				CLANG_ANALYZER_NONNULL = YES;
				CLANG_ANALYZER_NUMBER_OBJECT_CONVERSION = YES_AGGRESSIVE;
				CLANG_CXX_LANGUAGE_STANDARD = "gnu++20";
				CLANG_ENABLE_MODULES = YES;
				CLANG_ENABLE_OBJC_ARC = YES;
				CLANG_ENABLE_OBJC_WEAK = YES;
				CLANG_WARN_BLOCK_CAPTURE_AUTORELEASING = YES;
				CLANG_WARN_BOOL_CONVERSION = YES;
				CLANG_WARN_COMMA = YES;
				CLANG_WARN_CONSTANT_CONVERSION = YES;
				CLANG_WARN_DEPRECATED_OBJC_IMPLEMENTATIONS = YES;
				CLANG_WARN_DIRECT_OBJC_ISA_USAGE = YES_ERROR;
				CLANG_WARN_DOCUMENTATION_COMMENTS = YES;
				CLANG_WARN_EMPTY_BODY = YES;
				CLANG_WARN_ENUM_CONVERSION = YES;
				CLANG_WARN_INFINITE_RECURSION = YES;
				CLANG_WARN_INT_CONVERSION = YES;
				CLANG_WARN_NON_LITERAL_NULL_CONVERSION = YES;
				CLANG_WARN_OBJC_IMPLICIT_RETAIN_SELF = YES;
				CLANG_WARN_OBJC_LITERAL_CONVERSION = YES;
				CLANG_WARN_OBJC_ROOT_CLASS = YES_ERROR;
				CLANG_WARN_QUOTED_INCLUDE_IN_FRAMEWORK_HEADER = YES;
				CLANG_WARN_RANGE_LOOP_ANALYSIS = YES;
				CLANG_WARN_STRICT_PROTOTYPES = YES;
				CLANG_WARN_SUSPICIOUS_MOVE = YES;
				CLANG_WARN_UNGUARDED_AVAILABILITY = YES_AGGRESSIVE;
				CLANG_WARN_UNREACHABLE_CODE = YES;
				CLANG_WARN__DUPLICATE_METHOD_MATCH = YES;
				COPY_PHASE_STRIP = NO;
				DEBUG_INFORMATION_FORMAT = dwarf;
				DEVELOPMENT_TEAM = HU6B6E9383;
				ENABLE_STRICT_OBJC_MSGSEND = YES;
				ENABLE_TESTABILITY = YES;
				ENABLE_USER_SCRIPT_SANDBOXING = YES;
				GCC_C_LANGUAGE_STANDARD = gnu17;
				GCC_DYNAMIC_NO_PIC = NO;
				GCC_NO_COMMON_BLOCKS = YES;
				GCC_OPTIMIZATION_LEVEL = 0;
				GCC_PREPROCESSOR_DEFINITIONS = (
					"DEBUG=1",
					"$(inherited)",
				);
				GCC_WARN_64_TO_32_BIT_CONVERSION = YES;
				GCC_WARN_ABOUT_RETURN_TYPE = YES_ERROR;
				GCC_WARN_UNDECLARED_SELECTOR = YES;
				GCC_WARN_UNINITIALIZED_AUTOS = YES_AGGRESSIVE;
				GCC_WARN_UNUSED_FUNCTION = YES;
				GCC_WARN_UNUSED_VARIABLE = YES;
				LOCALIZATION_PREFERS_STRING_CATALOGS = YES;
				MTL_ENABLE_DEBUG_INFO = INCLUDE_SOURCE;
				MTL_FAST_MATH = YES;
				ONLY_ACTIVE_ARCH = YES;
				SWIFT_ACTIVE_COMPILATION_CONDITIONS = "DEBUG $(inherited)";
				SWIFT_OPTIMIZATION_LEVEL = "-Onone";
			};
			name = Debug;
		};
		88EBB5652F5C863400A25A70 /* Release */ = {
			isa = XCBuildConfiguration;
			buildSettings = {
				ALWAYS_SEARCH_USER_PATHS = NO;
				ASSETCATALOG_COMPILER_GENERATE_SWIFT_ASSET_SYMBOL_EXTENSIONS = YES;
				CLANG_ANALYZER_NONNULL = YES;
				CLANG_ANALYZER_NUMBER_OBJECT_CONVERSION = YES_AGGRESSIVE;
				CLANG_CXX_LANGUAGE_STANDARD = "gnu++20";
				CLANG_ENABLE_MODULES = YES;
				CLANG_ENABLE_OBJC_ARC = YES;
				CLANG_ENABLE_OBJC_WEAK = YES;
				CLANG_WARN_BLOCK_CAPTURE_AUTORELEASING = YES;
				CLANG_WARN_BOOL_CONVERSION = YES;
				CLANG_WARN_COMMA = YES;
				CLANG_WARN_CONSTANT_CONVERSION = YES;
				CLANG_WARN_DEPRECATED_OBJC_IMPLEMENTATIONS = YES;
				CLANG_WARN_DIRECT_OBJC_ISA_USAGE = YES_ERROR;
				CLANG_WARN_DOCUMENTATION_COMMENTS = YES;
				CLANG_WARN_EMPTY_BODY = YES;
				CLANG_WARN_ENUM_CONVERSION = YES;
				CLANG_WARN_INFINITE_RECURSION = YES;
				CLANG_WARN_INT_CONVERSION = YES;
				CLANG_WARN_NON_LITERAL_NULL_CONVERSION = YES;
				CLANG_WARN_OBJC_IMPLICIT_RETAIN_SELF = YES;
				CLANG_WARN_OBJC_LITERAL_CONVERSION = YES;
				CLANG_WARN_OBJC_ROOT_CLASS = YES_ERROR;
				CLANG_WARN_QUOTED_INCLUDE_IN_FRAMEWORK_HEADER = YES;
				CLANG_WARN_RANGE_LOOP_ANALYSIS = YES;
				CLANG_WARN_STRICT_PROTOTYPES = YES;
				CLANG_WARN_SUSPICIOUS_MOVE = YES;
				CLANG_WARN_UNGUARDED_AVAILABILITY = YES_AGGRESSIVE;
				CLANG_WARN_UNREACHABLE_CODE = YES;
				CLANG_WARN__DUPLICATE_METHOD_MATCH = YES;
				COPY_PHASE_STRIP = NO;
				DEBUG_INFORMATION_FORMAT = "dwarf-with-dsym";
				DEVELOPMENT_TEAM = HU6B6E9383;
				ENABLE_NS_ASSERTIONS = NO;
				ENABLE_STRICT_OBJC_MSGSEND = YES;
				ENABLE_USER_SCRIPT_SANDBOXING = YES;
				GCC_C_LANGUAGE_STANDARD = gnu17;
				GCC_NO_COMMON_BLOCKS = YES;
				GCC_WARN_64_TO_32_BIT_CONVERSION = YES;
				GCC_WARN_ABOUT_RETURN_TYPE = YES_ERROR;
				GCC_WARN_UNDECLARED_SELECTOR = YES;
				GCC_WARN_UNINITIALIZED_AUTOS = YES_AGGRESSIVE;
				GCC_WARN_UNUSED_FUNCTION = YES;
				GCC_WARN_UNUSED_VARIABLE = YES;
				LOCALIZATION_PREFERS_STRING_CATALOGS = YES;
				MTL_ENABLE_DEBUG_INFO = NO;
				MTL_FAST_MATH = YES;
				SWIFT_COMPILATION_MODE = wholemodule;
			};
			name = Release;
		};
		88EBB5672F5C863400A25A70 /* Debug */ = {
			isa = XCBuildConfiguration;
			buildSettings = {
				ASSETCATALOG_COMPILER_APPICON_NAME = AppIcon;
				ASSETCATALOG_COMPILER_GLOBAL_ACCENT_COLOR_NAME = AccentColor;
				CODE_SIGN_ENTITLEMENTS = FitTracker/FitTracker.entitlements;
				CODE_SIGN_STYLE = Automatic;
				CURRENT_PROJECT_VERSION = 1;
				DEVELOPMENT_TEAM = HU6B6E9383;
				ENABLE_APP_SANDBOX = YES;
				ENABLE_HARDENED_RUNTIME = YES;
				ENABLE_PREVIEWS = YES;
				ENABLE_USER_SCRIPT_SANDBOXING = NO;
				ENABLE_USER_SELECTED_FILES = readonly;
				GENERATE_INFOPLIST_FILE = YES;
				INFOPLIST_KEY_CFBundleDisplayName = Fit;
				INFOPLIST_KEY_NSHealthShareUsageDescription = "Reads your steps and cycling distance to track your TK Fit Challenge weekly goal.";
				"INFOPLIST_KEY_UIApplicationSceneManifest_Generation[sdk=iphoneos*]" = YES;
				"INFOPLIST_KEY_UIApplicationSceneManifest_Generation[sdk=iphonesimulator*]" = YES;
				"INFOPLIST_KEY_UIApplicationSupportsIndirectInputEvents[sdk=iphoneos*]" = YES;
				"INFOPLIST_KEY_UIApplicationSupportsIndirectInputEvents[sdk=iphonesimulator*]" = YES;
				"INFOPLIST_KEY_UILaunchScreen_Generation[sdk=iphoneos*]" = YES;
				"INFOPLIST_KEY_UILaunchScreen_Generation[sdk=iphonesimulator*]" = YES;
				"INFOPLIST_KEY_UIStatusBarStyle[sdk=iphoneos*]" = UIStatusBarStyleDefault;
				"INFOPLIST_KEY_UIStatusBarStyle[sdk=iphonesimulator*]" = UIStatusBarStyleDefault;
				INFOPLIST_KEY_UISupportedInterfaceOrientations = UIInterfaceOrientationPortrait;
				INFOPLIST_KEY_UISupportedInterfaceOrientations_iPad = "UIInterfaceOrientationLandscapeLeft UIInterfaceOrientationLandscapeRight UIInterfaceOrientationPortrait UIInterfaceOrientationPortraitUpsideDown";
				IPHONEOS_DEPLOYMENT_TARGET = 26.2;
				LD_RUNPATH_SEARCH_PATHS = "@executable_path/Frameworks";
				"LD_RUNPATH_SEARCH_PATHS[sdk=macosx*]" = "@executable_path/../Frameworks";
				MACOSX_DEPLOYMENT_TARGET = 26.2;
				MARKETING_VERSION = 1.0;
				PRODUCT_BUNDLE_IDENTIFIER = com.pentlandFirth.FitTracker;
				PRODUCT_NAME = "$(TARGET_NAME)";
				REGISTER_APP_GROUPS = YES;
				SDKROOT = auto;
				STRING_CATALOG_GENERATE_SYMBOLS = YES;
				SUPPORTED_PLATFORMS = "iphoneos iphonesimulator";
				SUPPORTS_MACCATALYST = NO;
				SWIFT_APPROACHABLE_CONCURRENCY = YES;
				SWIFT_DEFAULT_ACTOR_ISOLATION = MainActor;
				SWIFT_EMIT_LOC_STRINGS = YES;
				SWIFT_UPCOMING_FEATURE_MEMBER_IMPORT_VISIBILITY = YES;
				SWIFT_VERSION = 5.0;
				TARGETED_DEVICE_FAMILY = 1;
				XROS_DEPLOYMENT_TARGET = 26.2;
			};
			name = Debug;
		};
		88EBB5682F5C863400A25A70 /* Release */ = {
			isa = XCBuildConfiguration;
			buildSettings = {
				ASSETCATALOG_COMPILER_APPICON_NAME = AppIcon;
				ASSETCATALOG_COMPILER_GLOBAL_ACCENT_COLOR_NAME = AccentColor;
				CODE_SIGN_ENTITLEMENTS = FitTracker/FitTracker.entitlements;
				CODE_SIGN_STYLE = Automatic;
				CURRENT_PROJECT_VERSION = 1;
				DEVELOPMENT_TEAM = HU6B6E9383;
				ENABLE_APP_SANDBOX = YES;
				ENABLE_HARDENED_RUNTIME = YES;
				ENABLE_PREVIEWS = YES;
				ENABLE_USER_SCRIPT_SANDBOXING = NO;
				ENABLE_USER_SELECTED_FILES = readonly;
				GENERATE_INFOPLIST_FILE = YES;
				INFOPLIST_KEY_CFBundleDisplayName = Fit;
				INFOPLIST_KEY_NSHealthShareUsageDescription = "Reads your steps and cycling distance to track your TK Fit Challenge weekly goal.";
				"INFOPLIST_KEY_UIApplicationSceneManifest_Generation[sdk=iphoneos*]" = YES;
				"INFOPLIST_KEY_UIApplicationSceneManifest_Generation[sdk=iphonesimulator*]" = YES;
				"INFOPLIST_KEY_UIApplicationSupportsIndirectInputEvents[sdk=iphoneos*]" = YES;
				"INFOPLIST_KEY_UIApplicationSupportsIndirectInputEvents[sdk=iphonesimulator*]" = YES;
				"INFOPLIST_KEY_UILaunchScreen_Generation[sdk=iphoneos*]" = YES;
				"INFOPLIST_KEY_UILaunchScreen_Generation[sdk=iphonesimulator*]" = YES;
				"INFOPLIST_KEY_UIStatusBarStyle[sdk=iphoneos*]" = UIStatusBarStyleDefault;
				"INFOPLIST_KEY_UIStatusBarStyle[sdk=iphonesimulator*]" = UIStatusBarStyleDefault;
				INFOPLIST_KEY_UISupportedInterfaceOrientations = UIInterfaceOrientationPortrait;
				INFOPLIST_KEY_UISupportedInterfaceOrientations_iPad = "UIInterfaceOrientationLandscapeLeft UIInterfaceOrientationLandscapeRight UIInterfaceOrientationPortrait UIInterfaceOrientationPortraitUpsideDown";
				IPHONEOS_DEPLOYMENT_TARGET = 26.2;
				LD_RUNPATH_SEARCH_PATHS = "@executable_path/Frameworks";
				"LD_RUNPATH_SEARCH_PATHS[sdk=macosx*]" = "@executable_path/../Frameworks";
				MACOSX_DEPLOYMENT_TARGET = 26.2;
				MARKETING_VERSION = 1.0;
				PRODUCT_BUNDLE_IDENTIFIER = com.pentlandFirth.FitTracker;
				PRODUCT_NAME = "$(TARGET_NAME)";
				REGISTER_APP_GROUPS = YES;
				SDKROOT = auto;
				STRING_CATALOG_GENERATE_SYMBOLS = YES;
				SUPPORTED_PLATFORMS = "iphoneos iphonesimulator";
				SUPPORTS_MACCATALYST = NO;
				SWIFT_APPROACHABLE_CONCURRENCY = YES;
				SWIFT_DEFAULT_ACTOR_ISOLATION = MainActor;
				SWIFT_EMIT_LOC_STRINGS = YES;
				SWIFT_UPCOMING_FEATURE_MEMBER_IMPORT_VISIBILITY = YES;
				SWIFT_VERSION = 5.0;
				TARGETED_DEVICE_FAMILY = 1;
				XROS_DEPLOYMENT_TARGET = 26.2;
			};
			name = Release;
		};
/* End XCBuildConfiguration section */

/* Begin XCConfigurationList section */
		884E38862F5C8A4700404F42 /* Build configuration list for PBXNativeTarget "FitTrackerWatch" */ = {
			isa = XCConfigurationList;
			buildConfigurations = (
				884E38872F5C8A4700404F42 /* Debug */,
				884E38882F5C8A4700404F42 /* Release */,
			);
			defaultConfigurationIsVisible = 0;
			defaultConfigurationName = Release;
		};
		884E38D72F5C8E9F00404F42 /* Build configuration list for PBXNativeTarget "FitTrackerWatchWidget" */ = {
			isa = XCConfigurationList;
			buildConfigurations = (
				884E38D82F5C8E9F00404F42 /* Debug */,
				884E38D92F5C8E9F00404F42 /* Release */,
			);
			defaultConfigurationIsVisible = 0;
			defaultConfigurationName = Release;
		};
		88EBB53E2F5C863100A25A70 /* Build configuration list for PBXProject "FitTracker" */ = {
			isa = XCConfigurationList;
			buildConfigurations = (
				88EBB5642F5C863400A25A70 /* Debug */,
				88EBB5652F5C863400A25A70 /* Release */,
			);
			defaultConfigurationIsVisible = 0;
			defaultConfigurationName = Release;
		};
		88EBB5662F5C863400A25A70 /* Build configuration list for PBXNativeTarget "FitTracker" */ = {
			isa = XCConfigurationList;
			buildConfigurations = (
				88EBB5672F5C863400A25A70 /* Debug */,
				88EBB5682F5C863400A25A70 /* Release */,
			);
			defaultConfigurationIsVisible = 0;
			defaultConfigurationName = Release;
		};
/* End XCConfigurationList section */
	};
	rootObject = 88EBB53B2F5C863100A25A70 /* Project object */;
}
